
Microsoft Visual Studio Solution File, Format Version 12.00
# Visual Studio Version 17
VisualStudioVersion = 17.9.34723.18
MinimumVisualStudioVersion = 10.0.40219.1
Project("{FAE04EC0-301F-11D3-BF4B-00C04F79EFBC}") = "Task4", "Task4\Task4.csproj", "{293845A5-9246-461C-9713-0CB25FCA95BC}"
EndProject
Global
	GlobalSection(SolutionConfigurationPlatforms) = preSolution
		Debug|Any CPU = Debug|Any CPU
		Release|Any CPU = Release|Any CPU
	EndGlobalSection
	GlobalSection(ProjectConfigurationPlatforms) = postSolution
		{293845A5-9246-461C-9713-0CB25FCA95BC}.Debug|Any CPU.ActiveCfg = Debug|Any CPU
		{293845A5-9246-461C-9713-0CB25FCA95BC}.Debug|Any CPU.Build.0 = Debug|Any CPU
		{293845A5-9246-461C-9713-0CB25FCA95BC}.Release|Any CPU.ActiveCfg = Release|Any CPU
		{293845A5-9246-461C-9713-0CB25FCA95BC}.Release|Any CPU.Build.0 = Release|Any CPU
	EndGlobalSection
	GlobalSection(SolutionProperties) = preSolution
		HideSolutionNode = FALSE
	EndGlobalSection
	GlobalSection(ExtensibilityGlobals) = postSolution
		SolutionGuid = {798D3691-D1B8-48DA-911F-9D951B7FC0D8}
	EndGlobalSection
EndGlobal
