
Microsoft Visual Studio Solution File, Format Version 12.00
# Visual Studio Version 17
VisualStudioVersion = 17.9.34723.18
MinimumVisualStudioVersion = 10.0.40219.1
Project("{FAE04EC0-301F-11D3-BF4B-00C04F79EFBC}") = "Task2C#", "Task2C#\Task2C#.csproj", "{89795A23-5B9D-4417-A9C1-F55EFDFD1822}"
EndProject
Global
	GlobalSection(SolutionConfigurationPlatforms) = preSolution
		Debug|Any CPU = Debug|Any CPU
		Release|Any CPU = Release|Any CPU
	EndGlobalSection
	GlobalSection(ProjectConfigurationPlatforms) = postSolution
		{89795A23-5B9D-4417-A9C1-F55EFDFD1822}.Debug|Any CPU.ActiveCfg = Debug|Any CPU
		{89795A23-5B9D-4417-A9C1-F55EFDFD1822}.Debug|Any CPU.Build.0 = Debug|Any CPU
		{89795A23-5B9D-4417-A9C1-F55EFDFD1822}.Release|Any CPU.ActiveCfg = Release|Any CPU
		{89795A23-5B9D-4417-A9C1-F55EFDFD1822}.Release|Any CPU.Build.0 = Release|Any CPU
	EndGlobalSection
	GlobalSection(SolutionProperties) = preSolution
		HideSolutionNode = FALSE
	EndGlobalSection
	GlobalSection(ExtensibilityGlobals) = postSolution
		SolutionGuid = {AA792527-AB0F-4242-8096-B4B1E3CA32BB}
	EndGlobalSection
EndGlobal
