
Microsoft Visual Studio Solution File, Format Version 12.00
# Visual Studio Version 17
VisualStudioVersion = 17.9.34723.18
MinimumVisualStudioVersion = 10.0.40219.1
Project("{FAE04EC0-301F-11D3-BF4B-00C04F79EFBC}") = "C#Task3", "C#Task3\C#Task3.csproj", "{2A4971A4-1447-4B4C-B3EA-4A4E110B64DF}"
EndProject
Global
	GlobalSection(SolutionConfigurationPlatforms) = preSolution
		Debug|Any CPU = Debug|Any CPU
		Release|Any CPU = Release|Any CPU
	EndGlobalSection
	GlobalSection(ProjectConfigurationPlatforms) = postSolution
		{2A4971A4-1447-4B4C-B3EA-4A4E110B64DF}.Debug|Any CPU.ActiveCfg = Debug|Any CPU
		{2A4971A4-1447-4B4C-B3EA-4A4E110B64DF}.Debug|Any CPU.Build.0 = Debug|Any CPU
		{2A4971A4-1447-4B4C-B3EA-4A4E110B64DF}.Release|Any CPU.ActiveCfg = Release|Any CPU
		{2A4971A4-1447-4B4C-B3EA-4A4E110B64DF}.Release|Any CPU.Build.0 = Release|Any CPU
	EndGlobalSection
	GlobalSection(SolutionProperties) = preSolution
		HideSolutionNode = FALSE
	EndGlobalSection
	GlobalSection(ExtensibilityGlobals) = postSolution
		SolutionGuid = {36A41D67-9B57-40CB-8CF6-26B2EEE9661D}
	EndGlobalSection
EndGlobal
